{
  "name": "congruence",
  "version": "1.2.4",
  "dependencies": {
    "moment": {
      "version": "2.5.1",
      "from": "moment@2.5.1",
      "resolved": "https://registry.npmjs.org/moment/-/moment-2.5.1.tgz"
    },
    "underscore": {
      "version": "1.6.0",
      "from": "underscore@1.6.0",
      "resolved": "https://registry.npmjs.org/underscore/-/underscore-1.6.0.tgz"
    }
  }
}
