{
  "name": "congruence",
  "version": "1.2.6",
  "dependencies": {
    "moment": {
      "version": "2.5.1",
      "from": "https://registry.npmjs.org/moment/-/moment-2.5.1.tgz",
      "resolved": "https://registry.npmjs.org/moment/-/moment-2.5.1.tgz"
    },
    "underscore": {
      "version": "1.6.0",
      "from": "https://registry.npmjs.org/underscore/-/underscore-1.6.0.tgz",
      "resolved": "https://registry.npmjs.org/underscore/-/underscore-1.6.0.tgz"
    }
  }
}
