{
  "name": "congruence",
  "version": "1.4.7",
  "dependencies": {
    "fnv-plus": {
      "version": "1.2.4",
      "from": "fnv-plus@~1.2.4",
      "dependencies": {
        "jsbn": {
          "version": "0.0.0",
          "from": "jsbn@~0.0.0"
        }
      }
    },
    "lodash": {
      "version": "2.4.1",
      "from": "lodash@~2.4.1"
    }
  }
}
